
Microsoft Visual Studio Solution File, Format Version 12.00
# Visual Studio Express 14 for Web
VisualStudioVersion = 14.0.23107.0
MinimumVisualStudioVersion = 10.0.40219.1
Project("{FAE04EC0-301F-11D3-BF4B-00C04F79EFBC}") = "OratorjuMSSPService", "OratorjuMSSPService\OratorjuMSSPService.csproj", "{800165C6-31D0-4003-91E7-C907068AEBAE}"
EndProject
Global
	GlobalSection(SolutionConfigurationPlatforms) = preSolution
		Debug|Any CPU = Debug|Any CPU
		Release|Any CPU = Release|Any CPU
	EndGlobalSection
	GlobalSection(ProjectConfigurationPlatforms) = postSolution
		{800165C6-31D0-4003-91E7-C907068AEBAE}.Debug|Any CPU.ActiveCfg = Debug|Any CPU
		{800165C6-31D0-4003-91E7-C907068AEBAE}.Debug|Any CPU.Build.0 = Debug|Any CPU
		{800165C6-31D0-4003-91E7-C907068AEBAE}.Release|Any CPU.ActiveCfg = Release|Any CPU
		{800165C6-31D0-4003-91E7-C907068AEBAE}.Release|Any CPU.Build.0 = Release|Any CPU
	EndGlobalSection
	GlobalSection(SolutionProperties) = preSolution
		HideSolutionNode = FALSE
	EndGlobalSection
EndGlobal
